// !$*UTF8*$!
{
	archiveVersion = 1;
	classes = {
	};
	objectVersion = 54;
	objects = {

/* Begin PBXBuildFile section */
		00E356F31AD99517003FC87E /* shoppingListTests.m in Sources */ = {isa = PBXBuildFile; fileRef = 00E356F21AD99517003FC87E /* shoppingListTests.m */; };
		13B07FBC1A68108700A75B9A /* AppDelegate.m in Sources */ = {isa = PBXBuildFile; fileRef = 13B07FB01A68108700A75B9A /* AppDelegate.m */; };
		13B07FBF1A68108700A75B9A /* Images.xcassets in Resources */ = {isa = PBXBuildFile; fileRef = 13B07FB51A68108700A75B9A /* Images.xcassets */; };
		13B07FC11A68108700A75B9A /* main.m in Sources */ = {isa = PBXBuildFile; fileRef = 13B07FB71A68108700A75B9A /* main.m */; };
		81AB9BB82411601600AC10FF /* LaunchScreen.storyboard in Resources */ = {isa = PBXBuildFile; fileRef = 81AB9BB72411601600AC10FF /* LaunchScreen.storyboard */; };
		8A69F429DA4A4C27A367E1C7 /* Poppins-Black.ttf in Resources */ = {isa = PBXBuildFile; fileRef = BD8FCD3CEB7E430E82C137F1 /* Poppins-Black.ttf */; };
		81A2D9A574D64F22B2E71D23 /* Poppins-BlackItalic.ttf in Resources */ = {isa = PBXBuildFile; fileRef = 4B107078E68741B78BB1922D /* Poppins-BlackItalic.ttf */; };
		F872460182EE4B0A9AC49745 /* Poppins-Bold.ttf in Resources */ = {isa = PBXBuildFile; fileRef = 34C97DDDADC74A7BBEBBF37F /* Poppins-Bold.ttf */; };
		61F4E48F8DF949CDB8BD2BA2 /* Poppins-BoldItalic.ttf in Resources */ = {isa = PBXBuildFile; fileRef = 2DED8688857A489D8F0F6AED /* Poppins-BoldItalic.ttf */; };
		836F5B3FAD8F4BA3B962AC3C /* Poppins-ExtraBold.ttf in Resources */ = {isa = PBXBuildFile; fileRef = B418CA7BFB0E46E79AD73840 /* Poppins-ExtraBold.ttf */; };
		974881934426499EA7116320 /* Poppins-ExtraBoldItalic.ttf in Resources */ = {isa = PBXBuildFile; fileRef = 8142FE017AA84D7FA9A14677 /* Poppins-ExtraBoldItalic.ttf */; };
		3CF9F6541A784F1CAE0DDCBB /* Poppins-ExtraLight.ttf in Resources */ = {isa = PBXBuildFile; fileRef = BF510745337C49AFBD8E11AA /* Poppins-ExtraLight.ttf */; };
		A5ACE7A4FAE745BCA78F792A /* Poppins-ExtraLightItalic.ttf in Resources */ = {isa = PBXBuildFile; fileRef = F3E064598E254C7A8C66545E /* Poppins-ExtraLightItalic.ttf */; };
		EA6BE522001B410AB40DAC35 /* Poppins-Italic.ttf in Resources */ = {isa = PBXBuildFile; fileRef = 0FFB91393EB34D0BA88C8C92 /* Poppins-Italic.ttf */; };
		1CF55D091B7542D08D4276DF /* Poppins-Light.ttf in Resources */ = {isa = PBXBuildFile; fileRef = DED57A95D7EA47CF9A885F1B /* Poppins-Light.ttf */; };
		F818986C22B2437F91E503CB /* Poppins-LightItalic.ttf in Resources */ = {isa = PBXBuildFile; fileRef = ABBC648D57A6453D80DA3FAC /* Poppins-LightItalic.ttf */; };
		AE4763CAB61045389EE32347 /* Poppins-Medium.ttf in Resources */ = {isa = PBXBuildFile; fileRef = AE85BF3956E44D06842667D3 /* Poppins-Medium.ttf */; };
		CC53E55945E944E5845C51C8 /* Poppins-MediumItalic.ttf in Resources */ = {isa = PBXBuildFile; fileRef = E2AE6BC0A594442A95927615 /* Poppins-MediumItalic.ttf */; };
		A34D27260A7944D5A25879B4 /* Poppins-Regular.ttf in Resources */ = {isa = PBXBuildFile; fileRef = 94986FD3DFF04A22B1399B82 /* Poppins-Regular.ttf */; };
		4C95BCB6358A4AE8B7D702E6 /* Poppins-SemiBold.ttf in Resources */ = {isa = PBXBuildFile; fileRef = 1ADE02EDC38246419DA6ED4B /* Poppins-SemiBold.ttf */; };
		479FC5C8D0254551AAB5E6F1 /* Poppins-SemiBoldItalic.ttf in Resources */ = {isa = PBXBuildFile; fileRef = CA232033FE3F4364B9912B79 /* Poppins-SemiBoldItalic.ttf */; };
		8D22E0CCE5FC41A0AA472005 /* Poppins-Thin.ttf in Resources */ = {isa = PBXBuildFile; fileRef = 6503AA260C0246938BFA1327 /* Poppins-Thin.ttf */; };
		40FCB37C54394028ACFABE0E /* Poppins-ThinItalic.ttf in Resources */ = {isa = PBXBuildFile; fileRef = 18BE6C92C2604FAF98890E67 /* Poppins-ThinItalic.ttf */; };
		44C01D1C50224E01A906DB8B /* EuclidCircularB-Bold.ttf in Resources */ = {isa = PBXBuildFile; fileRef = A7A4D9B3ABBC4D68B6CB572A /* EuclidCircularB-Bold.ttf */; };
		D2DEAAABDAC045DD92145103 /* EuclidCircularB-BoldItalic.ttf in Resources */ = {isa = PBXBuildFile; fileRef = 3CF591EA33E34B6D86361C19 /* EuclidCircularB-BoldItalic.ttf */; };
		DD0D1ACD819943D7B32D540D /* EuclidCircularB-Italic.ttf in Resources */ = {isa = PBXBuildFile; fileRef = 14183625ECF046378C42DFEF /* EuclidCircularB-Italic.ttf */; };
		EFFB17A277284B68A1EA72E7 /* EuclidCircularB-Light.ttf in Resources */ = {isa = PBXBuildFile; fileRef = A2DED9929F384B3D872C4C9F /* EuclidCircularB-Light.ttf */; };
		CB657AC793174CAE93164EB6 /* EuclidCircularB-LightItalic.ttf in Resources */ = {isa = PBXBuildFile; fileRef = AE4BFD52DEA7430585E500D9 /* EuclidCircularB-LightItalic.ttf */; };
		91D0B1DB9B894DA195407EE6 /* EuclidCircularB-Medium.ttf in Resources */ = {isa = PBXBuildFile; fileRef = 5673D69E5B0C461BBF25F416 /* EuclidCircularB-Medium.ttf */; };
		0A76B76A7E9048798CAAC579 /* EuclidCircularB-MediumItalic.ttf in Resources */ = {isa = PBXBuildFile; fileRef = FE89CFEC0BF446478A8B8D27 /* EuclidCircularB-MediumItalic.ttf */; };
		700B7A055FC944AAAFC9BB89 /* EuclidCircularB-Regular.ttf in Resources */ = {isa = PBXBuildFile; fileRef = FA06E421CF8C4439BABAE6DE /* EuclidCircularB-Regular.ttf */; };
		C052FC0CE1D5488888F36D56 /* EuclidCircularB-SemiBold.ttf in Resources */ = {isa = PBXBuildFile; fileRef = F70EFF4AB78D418AAA3B72C9 /* EuclidCircularB-SemiBold.ttf */; };
		168DBEECA2634C0DB04A4A07 /* EuclidCircularB-SemiBoldItalic.ttf in Resources */ = {isa = PBXBuildFile; fileRef = 74514B5C3EBF486F9695898A /* EuclidCircularB-SemiBoldItalic.ttf */; };
/* End PBXBuildFile section */

/* Begin PBXContainerItemProxy section */
		00E356F41AD99517003FC87E /* PBXContainerItemProxy */ = {
			isa = PBXContainerItemProxy;
			containerPortal = 83CBB9F71A601CBA00E9B192 /* Project object */;
			proxyType = 1;
			remoteGlobalIDString = 13B07F861A680F5B00A75B9A;
			remoteInfo = shoppingList;
		};
/* End PBXContainerItemProxy section */

/* Begin PBXFileReference section */
		00E356EE1AD99517003FC87E /* shoppingListTests.xctest */ = {isa = PBXFileReference; explicitFileType = wrapper.cfbundle; includeInIndex = 0; path = shoppingListTests.xctest; sourceTree = BUILT_PRODUCTS_DIR; };
		00E356F11AD99517003FC87E /* Info.plist */ = {isa = PBXFileReference; lastKnownFileType = text.plist.xml; path = Info.plist; sourceTree = "<group>"; };
		00E356F21AD99517003FC87E /* shoppingListTests.m */ = {isa = PBXFileReference; lastKnownFileType = sourcecode.c.objc; path = shoppingListTests.m; sourceTree = "<group>"; };
		13B07F961A680F5B00A75B9A /* shoppingList.app */ = {isa = PBXFileReference; explicitFileType = wrapper.application; includeInIndex = 0; path = shoppingList.app; sourceTree = BUILT_PRODUCTS_DIR; };
		13B07FAF1A68108700A75B9A /* AppDelegate.h */ = {isa = PBXFileReference; fileEncoding = 4; lastKnownFileType = sourcecode.c.h; name = AppDelegate.h; path = shoppingList/AppDelegate.h; sourceTree = "<group>"; };
		13B07FB01A68108700A75B9A /* AppDelegate.m */ = {isa = PBXFileReference; fileEncoding = 4; lastKnownFileType = sourcecode.c.objc; name = AppDelegate.m; path = shoppingList/AppDelegate.m; sourceTree = "<group>"; };
		13B07FB51A68108700A75B9A /* Images.xcassets */ = {isa = PBXFileReference; lastKnownFileType = folder.assetcatalog; name = Images.xcassets; path = shoppingList/Images.xcassets; sourceTree = "<group>"; };
		13B07FB61A68108700A75B9A /* Info.plist */ = {isa = PBXFileReference; fileEncoding = 4; lastKnownFileType = text.plist.xml; name = Info.plist; path = shoppingList/Info.plist; sourceTree = "<group>"; };
		13B07FB71A68108700A75B9A /* main.m */ = {isa = PBXFileReference; fileEncoding = 4; lastKnownFileType = sourcecode.c.objc; name = main.m; path = shoppingList/main.m; sourceTree = "<group>"; };
		81AB9BB72411601600AC10FF /* LaunchScreen.storyboard */ = {isa = PBXFileReference; fileEncoding = 4; lastKnownFileType = file.storyboard; name = LaunchScreen.storyboard; path = shoppingList/LaunchScreen.storyboard; sourceTree = "<group>"; };
		ED297162215061F000B7C4FE /* JavaScriptCore.framework */ = {isa = PBXFileReference; lastKnownFileType = wrapper.framework; name = JavaScriptCore.framework; path = System/Library/Frameworks/JavaScriptCore.framework; sourceTree = SDKROOT; };
		BD8FCD3CEB7E430E82C137F1 /* Poppins-Black.ttf */ = {isa = PBXFileReference; name = "Poppins-Black.ttf"; path = "../assets/fonts/Poppins-Black.ttf"; sourceTree = "<group>"; fileEncoding = undefined; lastKnownFileType = unknown; explicitFileType = undefined; includeInIndex = 0; };
		4B107078E68741B78BB1922D /* Poppins-BlackItalic.ttf */ = {isa = PBXFileReference; name = "Poppins-BlackItalic.ttf"; path = "../assets/fonts/Poppins-BlackItalic.ttf"; sourceTree = "<group>"; fileEncoding = undefined; lastKnownFileType = unknown; explicitFileType = undefined; includeInIndex = 0; };
		34C97DDDADC74A7BBEBBF37F /* Poppins-Bold.ttf */ = {isa = PBXFileReference; name = "Poppins-Bold.ttf"; path = "../assets/fonts/Poppins-Bold.ttf"; sourceTree = "<group>"; fileEncoding = undefined; lastKnownFileType = unknown; explicitFileType = undefined; includeInIndex = 0; };
		2DED8688857A489D8F0F6AED /* Poppins-BoldItalic.ttf */ = {isa = PBXFileReference; name = "Poppins-BoldItalic.ttf"; path = "../assets/fonts/Poppins-BoldItalic.ttf"; sourceTree = "<group>"; fileEncoding = undefined; lastKnownFileType = unknown; explicitFileType = undefined; includeInIndex = 0; };
		B418CA7BFB0E46E79AD73840 /* Poppins-ExtraBold.ttf */ = {isa = PBXFileReference; name = "Poppins-ExtraBold.ttf"; path = "../assets/fonts/Poppins-ExtraBold.ttf"; sourceTree = "<group>"; fileEncoding = undefined; lastKnownFileType = unknown; explicitFileType = undefined; includeInIndex = 0; };
		8142FE017AA84D7FA9A14677 /* Poppins-ExtraBoldItalic.ttf */ = {isa = PBXFileReference; name = "Poppins-ExtraBoldItalic.ttf"; path = "../assets/fonts/Poppins-ExtraBoldItalic.ttf"; sourceTree = "<group>"; fileEncoding = undefined; lastKnownFileType = unknown; explicitFileType = undefined; includeInIndex = 0; };
		BF510745337C49AFBD8E11AA /* Poppins-ExtraLight.ttf */ = {isa = PBXFileReference; name = "Poppins-ExtraLight.ttf"; path = "../assets/fonts/Poppins-ExtraLight.ttf"; sourceTree = "<group>"; fileEncoding = undefined; lastKnownFileType = unknown; explicitFileType = undefined; includeInIndex = 0; };
		F3E064598E254C7A8C66545E /* Poppins-ExtraLightItalic.ttf */ = {isa = PBXFileReference; name = "Poppins-ExtraLightItalic.ttf"; path = "../assets/fonts/Poppins-ExtraLightItalic.ttf"; sourceTree = "<group>"; fileEncoding = undefined; lastKnownFileType = unknown; explicitFileType = undefined; includeInIndex = 0; };
		0FFB91393EB34D0BA88C8C92 /* Poppins-Italic.ttf */ = {isa = PBXFileReference; name = "Poppins-Italic.ttf"; path = "../assets/fonts/Poppins-Italic.ttf"; sourceTree = "<group>"; fileEncoding = undefined; lastKnownFileType = unknown; explicitFileType = undefined; includeInIndex = 0; };
		DED57A95D7EA47CF9A885F1B /* Poppins-Light.ttf */ = {isa = PBXFileReference; name = "Poppins-Light.ttf"; path = "../assets/fonts/Poppins-Light.ttf"; sourceTree = "<group>"; fileEncoding = undefined; lastKnownFileType = unknown; explicitFileType = undefined; includeInIndex = 0; };
		ABBC648D57A6453D80DA3FAC /* Poppins-LightItalic.ttf */ = {isa = PBXFileReference; name = "Poppins-LightItalic.ttf"; path = "../assets/fonts/Poppins-LightItalic.ttf"; sourceTree = "<group>"; fileEncoding = undefined; lastKnownFileType = unknown; explicitFileType = undefined; includeInIndex = 0; };
		AE85BF3956E44D06842667D3 /* Poppins-Medium.ttf */ = {isa = PBXFileReference; name = "Poppins-Medium.ttf"; path = "../assets/fonts/Poppins-Medium.ttf"; sourceTree = "<group>"; fileEncoding = undefined; lastKnownFileType = unknown; explicitFileType = undefined; includeInIndex = 0; };
		E2AE6BC0A594442A95927615 /* Poppins-MediumItalic.ttf */ = {isa = PBXFileReference; name = "Poppins-MediumItalic.ttf"; path = "../assets/fonts/Poppins-MediumItalic.ttf"; sourceTree = "<group>"; fileEncoding = undefined; lastKnownFileType = unknown; explicitFileType = undefined; includeInIndex = 0; };
		94986FD3DFF04A22B1399B82 /* Poppins-Regular.ttf */ = {isa = PBXFileReference; name = "Poppins-Regular.ttf"; path = "../assets/fonts/Poppins-Regular.ttf"; sourceTree = "<group>"; fileEncoding = undefined; lastKnownFileType = unknown; explicitFileType = undefined; includeInIndex = 0; };
		1ADE02EDC38246419DA6ED4B /* Poppins-SemiBold.ttf */ = {isa = PBXFileReference; name = "Poppins-SemiBold.ttf"; path = "../assets/fonts/Poppins-SemiBold.ttf"; sourceTree = "<group>"; fileEncoding = undefined; lastKnownFileType = unknown; explicitFileType = undefined; includeInIndex = 0; };
		CA232033FE3F4364B9912B79 /* Poppins-SemiBoldItalic.ttf */ = {isa = PBXFileReference; name = "Poppins-SemiBoldItalic.ttf"; path = "../assets/fonts/Poppins-SemiBoldItalic.ttf"; sourceTree = "<group>"; fileEncoding = undefined; lastKnownFileType = unknown; explicitFileType = undefined; includeInIndex = 0; };
		6503AA260C0246938BFA1327 /* Poppins-Thin.ttf */ = {isa = PBXFileReference; name = "Poppins-Thin.ttf"; path = "../assets/fonts/Poppins-Thin.ttf"; sourceTree = "<group>"; fileEncoding = undefined; lastKnownFileType = unknown; explicitFileType = undefined; includeInIndex = 0; };
		18BE6C92C2604FAF98890E67 /* Poppins-ThinItalic.ttf */ = {isa = PBXFileReference; name = "Poppins-ThinItalic.ttf"; path = "../assets/fonts/Poppins-ThinItalic.ttf"; sourceTree = "<group>"; fileEncoding = undefined; lastKnownFileType = unknown; explicitFileType = undefined; includeInIndex = 0; };
		A7A4D9B3ABBC4D68B6CB572A /* EuclidCircularB-Bold.ttf */ = {isa = PBXFileReference; name = "EuclidCircularB-Bold.ttf"; path = "../assets/fonts/EuclidCircularB-Bold.ttf"; sourceTree = "<group>"; fileEncoding = undefined; lastKnownFileType = unknown; explicitFileType = undefined; includeInIndex = 0; };
		3CF591EA33E34B6D86361C19 /* EuclidCircularB-BoldItalic.ttf */ = {isa = PBXFileReference; name = "EuclidCircularB-BoldItalic.ttf"; path = "../assets/fonts/EuclidCircularB-BoldItalic.ttf"; sourceTree = "<group>"; fileEncoding = undefined; lastKnownFileType = unknown; explicitFileType = undefined; includeInIndex = 0; };
		14183625ECF046378C42DFEF /* EuclidCircularB-Italic.ttf */ = {isa = PBXFileReference; name = "EuclidCircularB-Italic.ttf"; path = "../assets/fonts/EuclidCircularB-Italic.ttf"; sourceTree = "<group>"; fileEncoding = undefined; lastKnownFileType = unknown; explicitFileType = undefined; includeInIndex = 0; };
		A2DED9929F384B3D872C4C9F /* EuclidCircularB-Light.ttf */ = {isa = PBXFileReference; name = "EuclidCircularB-Light.ttf"; path = "../assets/fonts/EuclidCircularB-Light.ttf"; sourceTree = "<group>"; fileEncoding = undefined; lastKnownFileType = unknown; explicitFileType = undefined; includeInIndex = 0; };
		AE4BFD52DEA7430585E500D9 /* EuclidCircularB-LightItalic.ttf */ = {isa = PBXFileReference; name = "EuclidCircularB-LightItalic.ttf"; path = "../assets/fonts/EuclidCircularB-LightItalic.ttf"; sourceTree = "<group>"; fileEncoding = undefined; lastKnownFileType = unknown; explicitFileType = undefined; includeInIndex = 0; };
		5673D69E5B0C461BBF25F416 /* EuclidCircularB-Medium.ttf */ = {isa = PBXFileReference; name = "EuclidCircularB-Medium.ttf"; path = "../assets/fonts/EuclidCircularB-Medium.ttf"; sourceTree = "<group>"; fileEncoding = undefined; lastKnownFileType = unknown; explicitFileType = undefined; includeInIndex = 0; };
		FE89CFEC0BF446478A8B8D27 /* EuclidCircularB-MediumItalic.ttf */ = {isa = PBXFileReference; name = "EuclidCircularB-MediumItalic.ttf"; path = "../assets/fonts/EuclidCircularB-MediumItalic.ttf"; sourceTree = "<group>"; fileEncoding = undefined; lastKnownFileType = unknown; explicitFileType = undefined; includeInIndex = 0; };
		FA06E421CF8C4439BABAE6DE /* EuclidCircularB-Regular.ttf */ = {isa = PBXFileReference; name = "EuclidCircularB-Regular.ttf"; path = "../assets/fonts/EuclidCircularB-Regular.ttf"; sourceTree = "<group>"; fileEncoding = undefined; lastKnownFileType = unknown; explicitFileType = undefined; includeInIndex = 0; };
		F70EFF4AB78D418AAA3B72C9 /* EuclidCircularB-SemiBold.ttf */ = {isa = PBXFileReference; name = "EuclidCircularB-SemiBold.ttf"; path = "../assets/fonts/EuclidCircularB-SemiBold.ttf"; sourceTree = "<group>"; fileEncoding = undefined; lastKnownFileType = unknown; explicitFileType = undefined; includeInIndex = 0; };
		74514B5C3EBF486F9695898A /* EuclidCircularB-SemiBoldItalic.ttf */ = {isa = PBXFileReference; name = "EuclidCircularB-SemiBoldItalic.ttf"; path = "../assets/fonts/EuclidCircularB-SemiBoldItalic.ttf"; sourceTree = "<group>"; fileEncoding = undefined; lastKnownFileType = unknown; explicitFileType = undefined; includeInIndex = 0; };
/* End PBXFileReference section */

/* Begin PBXFrameworksBuildPhase section */
		00E356EB1AD99517003FC87E /* Frameworks */ = {
			isa = PBXFrameworksBuildPhase;
			buildActionMask = 2147483647;
			files = (
			);
			runOnlyForDeploymentPostprocessing = 0;
		};
		13B07F8C1A680F5B00A75B9A /* Frameworks */ = {
			isa = PBXFrameworksBuildPhase;
			buildActionMask = 2147483647;
			files = (
			);
			runOnlyForDeploymentPostprocessing = 0;
		};
/* End PBXFrameworksBuildPhase section */

/* Begin PBXGroup section */
		00E356EF1AD99517003FC87E /* shoppingListTests */ = {
			isa = PBXGroup;
			children = (
				00E356F21AD99517003FC87E /* shoppingListTests.m */,
				00E356F01AD99517003FC87E /* Supporting Files */,
			);
			path = shoppingListTests;
			sourceTree = "<group>";
		};
		00E356F01AD99517003FC87E /* Supporting Files */ = {
			isa = PBXGroup;
			children = (
				00E356F11AD99517003FC87E /* Info.plist */,
			);
			name = "Supporting Files";
			sourceTree = "<group>";
		};
		13B07FAE1A68108700A75B9A /* shoppingList */ = {
			isa = PBXGroup;
			children = (
				13B07FAF1A68108700A75B9A /* AppDelegate.h */,
				13B07FB01A68108700A75B9A /* AppDelegate.m */,
				13B07FB51A68108700A75B9A /* Images.xcassets */,
				13B07FB61A68108700A75B9A /* Info.plist */,
				81AB9BB72411601600AC10FF /* LaunchScreen.storyboard */,
				13B07FB71A68108700A75B9A /* main.m */,
			);
			name = shoppingList;
			sourceTree = "<group>";
		};
		2D16E6871FA4F8E400B85C8A /* Frameworks */ = {
			isa = PBXGroup;
			children = (
				ED297162215061F000B7C4FE /* JavaScriptCore.framework */,
			);
			name = Frameworks;
			sourceTree = "<group>";
		};
		832341AE1AAA6A7D00B99B32 /* Libraries */ = {
			isa = PBXGroup;
			children = (
			);
			name = Libraries;
			sourceTree = "<group>";
		};
		83CBB9F61A601CBA00E9B192 = {
			isa = PBXGroup;
			children = (
				13B07FAE1A68108700A75B9A /* shoppingList */,
				832341AE1AAA6A7D00B99B32 /* Libraries */,
				00E356EF1AD99517003FC87E /* shoppingListTests */,
				83CBBA001A601CBA00E9B192 /* Products */,
				2D16E6871FA4F8E400B85C8A /* Frameworks */,
				D799206788734DD5AE498BCF /* Resources */,
			);
			indentWidth = 2;
			sourceTree = "<group>";
			tabWidth = 2;
			usesTabs = 0;
		};
		83CBBA001A601CBA00E9B192 /* Products */ = {
			isa = PBXGroup;
			children = (
				13B07F961A680F5B00A75B9A /* shoppingList.app */,
				00E356EE1AD99517003FC87E /* shoppingListTests.xctest */,
			);
			name = Products;
			sourceTree = "<group>";
		};
		D799206788734DD5AE498BCF /* Resources */ = {
			isa = "PBXGroup";
			children = (
				BD8FCD3CEB7E430E82C137F1 /* Poppins-Black.ttf */,
				4B107078E68741B78BB1922D /* Poppins-BlackItalic.ttf */,
				34C97DDDADC74A7BBEBBF37F /* Poppins-Bold.ttf */,
				2DED8688857A489D8F0F6AED /* Poppins-BoldItalic.ttf */,
				B418CA7BFB0E46E79AD73840 /* Poppins-ExtraBold.ttf */,
				8142FE017AA84D7FA9A14677 /* Poppins-ExtraBoldItalic.ttf */,
				BF510745337C49AFBD8E11AA /* Poppins-ExtraLight.ttf */,
				F3E064598E254C7A8C66545E /* Poppins-ExtraLightItalic.ttf */,
				0FFB91393EB34D0BA88C8C92 /* Poppins-Italic.ttf */,
				DED57A95D7EA47CF9A885F1B /* Poppins-Light.ttf */,
				ABBC648D57A6453D80DA3FAC /* Poppins-LightItalic.ttf */,
				AE85BF3956E44D06842667D3 /* Poppins-Medium.ttf */,
				E2AE6BC0A594442A95927615 /* Poppins-MediumItalic.ttf */,
				94986FD3DFF04A22B1399B82 /* Poppins-Regular.ttf */,
				1ADE02EDC38246419DA6ED4B /* Poppins-SemiBold.ttf */,
				CA232033FE3F4364B9912B79 /* Poppins-SemiBoldItalic.ttf */,
				6503AA260C0246938BFA1327 /* Poppins-Thin.ttf */,
				18BE6C92C2604FAF98890E67 /* Poppins-ThinItalic.ttf */,
				A7A4D9B3ABBC4D68B6CB572A /* EuclidCircularB-Bold.ttf */,
				3CF591EA33E34B6D86361C19 /* EuclidCircularB-BoldItalic.ttf */,
				14183625ECF046378C42DFEF /* EuclidCircularB-Italic.ttf */,
				A2DED9929F384B3D872C4C9F /* EuclidCircularB-Light.ttf */,
				AE4BFD52DEA7430585E500D9 /* EuclidCircularB-LightItalic.ttf */,
				5673D69E5B0C461BBF25F416 /* EuclidCircularB-Medium.ttf */,
				FE89CFEC0BF446478A8B8D27 /* EuclidCircularB-MediumItalic.ttf */,
				FA06E421CF8C4439BABAE6DE /* EuclidCircularB-Regular.ttf */,
				F70EFF4AB78D418AAA3B72C9 /* EuclidCircularB-SemiBold.ttf */,
				74514B5C3EBF486F9695898A /* EuclidCircularB-SemiBoldItalic.ttf */,
			);
			name = Resources;
			sourceTree = "<group>";
			path = "";
		};
/* End PBXGroup section */

/* Begin PBXNativeTarget section */
		00E356ED1AD99517003FC87E /* shoppingListTests */ = {
			isa = PBXNativeTarget;
			buildConfigurationList = 00E357021AD99517003FC87E /* Build configuration list for PBXNativeTarget "shoppingListTests" */;
			buildPhases = (
				00E356EA1AD99517003FC87E /* Sources */,
				00E356EB1AD99517003FC87E /* Frameworks */,
				00E356EC1AD99517003FC87E /* Resources */,
			);
			buildRules = (
			);
			dependencies = (
				00E356F51AD99517003FC87E /* PBXTargetDependency */,
			);
			name = shoppingListTests;
			productName = shoppingListTests;
			productReference = 00E356EE1AD99517003FC87E /* shoppingListTests.xctest */;
			productType = "com.apple.product-type.bundle.unit-test";
		};
		13B07F861A680F5B00A75B9A /* shoppingList */ = {
			isa = PBXNativeTarget;
			buildConfigurationList = 13B07F931A680F5B00A75B9A /* Build configuration list for PBXNativeTarget "shoppingList" */;
			buildPhases = (
				FD10A7F022414F080027D42C /* Start Packager */,
				13B07F871A680F5B00A75B9A /* Sources */,
				13B07F8C1A680F5B00A75B9A /* Frameworks */,
				13B07F8E1A680F5B00A75B9A /* Resources */,
				00DD1BFF1BD5951E006B06BC /* Bundle React Native code and images */,
			);
			buildRules = (
			);
			dependencies = (
			);
			name = shoppingList;
			productName = shoppingList;
			productReference = 13B07F961A680F5B00A75B9A /* shoppingList.app */;
			productType = "com.apple.product-type.application";
		};
/* End PBXNativeTarget section */

/* Begin PBXProject section */
		83CBB9F71A601CBA00E9B192 /* Project object */ = {
			isa = PBXProject;
			attributes = {
				LastUpgradeCheck = 1210;
				TargetAttributes = {
					00E356ED1AD99517003FC87E = {
						CreatedOnToolsVersion = 6.2;
						TestTargetID = 13B07F861A680F5B00A75B9A;
					};
					13B07F861A680F5B00A75B9A = {
						LastSwiftMigration = 1120;
					};
				};
			};
			buildConfigurationList = 83CBB9FA1A601CBA00E9B192 /* Build configuration list for PBXProject "shoppingList" */;
			compatibilityVersion = "Xcode 12.0";
			developmentRegion = en;
			hasScannedForEncodings = 0;
			knownRegions = (
				en,
				Base,
			);
			mainGroup = 83CBB9F61A601CBA00E9B192;
			productRefGroup = 83CBBA001A601CBA00E9B192 /* Products */;
			projectDirPath = "";
			projectRoot = "";
			targets = (
				13B07F861A680F5B00A75B9A /* shoppingList */,
				00E356ED1AD99517003FC87E /* shoppingListTests */,
			);
		};
/* End PBXProject section */

/* Begin PBXResourcesBuildPhase section */
		00E356EC1AD99517003FC87E /* Resources */ = {
			isa = PBXResourcesBuildPhase;
			buildActionMask = 2147483647;
			files = (
			);
			runOnlyForDeploymentPostprocessing = 0;
		};
		13B07F8E1A680F5B00A75B9A /* Resources */ = {
			isa = PBXResourcesBuildPhase;
			buildActionMask = 2147483647;
			files = (
				81AB9BB82411601600AC10FF /* LaunchScreen.storyboard in Resources */,
				13B07FBF1A68108700A75B9A /* Images.xcassets in Resources */,
				8A69F429DA4A4C27A367E1C7 /* Poppins-Black.ttf in Resources */,
				81A2D9A574D64F22B2E71D23 /* Poppins-BlackItalic.ttf in Resources */,
				F872460182EE4B0A9AC49745 /* Poppins-Bold.ttf in Resources */,
				61F4E48F8DF949CDB8BD2BA2 /* Poppins-BoldItalic.ttf in Resources */,
				836F5B3FAD8F4BA3B962AC3C /* Poppins-ExtraBold.ttf in Resources */,
				974881934426499EA7116320 /* Poppins-ExtraBoldItalic.ttf in Resources */,
				3CF9F6541A784F1CAE0DDCBB /* Poppins-ExtraLight.ttf in Resources */,
				A5ACE7A4FAE745BCA78F792A /* Poppins-ExtraLightItalic.ttf in Resources */,
				EA6BE522001B410AB40DAC35 /* Poppins-Italic.ttf in Resources */,
				1CF55D091B7542D08D4276DF /* Poppins-Light.ttf in Resources */,
				F818986C22B2437F91E503CB /* Poppins-LightItalic.ttf in Resources */,
				AE4763CAB61045389EE32347 /* Poppins-Medium.ttf in Resources */,
				CC53E55945E944E5845C51C8 /* Poppins-MediumItalic.ttf in Resources */,
				A34D27260A7944D5A25879B4 /* Poppins-Regular.ttf in Resources */,
				4C95BCB6358A4AE8B7D702E6 /* Poppins-SemiBold.ttf in Resources */,
				479FC5C8D0254551AAB5E6F1 /* Poppins-SemiBoldItalic.ttf in Resources */,
				8D22E0CCE5FC41A0AA472005 /* Poppins-Thin.ttf in Resources */,
				40FCB37C54394028ACFABE0E /* Poppins-ThinItalic.ttf in Resources */,
				44C01D1C50224E01A906DB8B /* EuclidCircularB-Bold.ttf in Resources */,
				D2DEAAABDAC045DD92145103 /* EuclidCircularB-BoldItalic.ttf in Resources */,
				DD0D1ACD819943D7B32D540D /* EuclidCircularB-Italic.ttf in Resources */,
				EFFB17A277284B68A1EA72E7 /* EuclidCircularB-Light.ttf in Resources */,
				CB657AC793174CAE93164EB6 /* EuclidCircularB-LightItalic.ttf in Resources */,
				91D0B1DB9B894DA195407EE6 /* EuclidCircularB-Medium.ttf in Resources */,
				0A76B76A7E9048798CAAC579 /* EuclidCircularB-MediumItalic.ttf in Resources */,
				700B7A055FC944AAAFC9BB89 /* EuclidCircularB-Regular.ttf in Resources */,
				C052FC0CE1D5488888F36D56 /* EuclidCircularB-SemiBold.ttf in Resources */,
				168DBEECA2634C0DB04A4A07 /* EuclidCircularB-SemiBoldItalic.ttf in Resources */,
			);
			runOnlyForDeploymentPostprocessing = 0;
		};
/* End PBXResourcesBuildPhase section */

/* Begin PBXShellScriptBuildPhase section */
		00DD1BFF1BD5951E006B06BC /* Bundle React Native code and images */ = {
			isa = PBXShellScriptBuildPhase;
			buildActionMask = 2147483647;
			files = (
			);
			inputPaths = (
			);
			name = "Bundle React Native code and images";
			outputPaths = (
			);
			runOnlyForDeploymentPostprocessing = 0;
			shellPath = /bin/sh;
			shellScript = "set -e\n\nexport NODE_BINARY=node\n../node_modules/react-native/scripts/react-native-xcode.sh\n";
		};
		FD10A7F022414F080027D42C /* Start Packager */ = {
			isa = PBXShellScriptBuildPhase;
			buildActionMask = 2147483647;
			files = (
			);
			inputFileListPaths = (
			);
			inputPaths = (
			);
			name = "Start Packager";
			outputFileListPaths = (
			);
			outputPaths = (
			);
			runOnlyForDeploymentPostprocessing = 0;
			shellPath = /bin/sh;
			shellScript = "export RCT_METRO_PORT=\"${RCT_METRO_PORT:=8081}\"\necho \"export RCT_METRO_PORT=${RCT_METRO_PORT}\" > \"${SRCROOT}/../node_modules/react-native/scripts/.packager.env\"\nif [ -z \"${RCT_NO_LAUNCH_PACKAGER+xxx}\" ] ; then\n  if nc -w 5 -z localhost ${RCT_METRO_PORT} ; then\n    if ! curl -s \"http://localhost:${RCT_METRO_PORT}/status\" | grep -q \"packager-status:running\" ; then\n      echo \"Port ${RCT_METRO_PORT} already in use, packager is either not running or not running correctly\"\n      exit 2\n    fi\n  else\n    open \"$SRCROOT/../node_modules/react-native/scripts/launchPackager.command\" || echo \"Can't start packager automatically\"\n  fi\nfi\n";
			showEnvVarsInLog = 0;
		};
/* End PBXShellScriptBuildPhase section */

/* Begin PBXSourcesBuildPhase section */
		00E356EA1AD99517003FC87E /* Sources */ = {
			isa = PBXSourcesBuildPhase;
			buildActionMask = 2147483647;
			files = (
				00E356F31AD99517003FC87E /* shoppingListTests.m in Sources */,
			);
			runOnlyForDeploymentPostprocessing = 0;
		};
		13B07F871A680F5B00A75B9A /* Sources */ = {
			isa = PBXSourcesBuildPhase;
			buildActionMask = 2147483647;
			files = (
				13B07FBC1A68108700A75B9A /* AppDelegate.m in Sources */,
				13B07FC11A68108700A75B9A /* main.m in Sources */,
			);
			runOnlyForDeploymentPostprocessing = 0;
		};
/* End PBXSourcesBuildPhase section */

/* Begin PBXTargetDependency section */
		00E356F51AD99517003FC87E /* PBXTargetDependency */ = {
			isa = PBXTargetDependency;
			target = 13B07F861A680F5B00A75B9A /* shoppingList */;
			targetProxy = 00E356F41AD99517003FC87E /* PBXContainerItemProxy */;
		};
/* End PBXTargetDependency section */

/* Begin XCBuildConfiguration section */
		00E356F61AD99517003FC87E /* Debug */ = {
			isa = XCBuildConfiguration;
			buildSettings = {
				BUNDLE_LOADER = "$(TEST_HOST)";
				GCC_PREPROCESSOR_DEFINITIONS = (
					"DEBUG=1",
					"$(inherited)",
				);
				INFOPLIST_FILE = shoppingListTests/Info.plist;
				IPHONEOS_DEPLOYMENT_TARGET = 11.0;
				LD_RUNPATH_SEARCH_PATHS = (
					"$(inherited)",
					"@executable_path/Frameworks",
					"@loader_path/Frameworks",
				);
				OTHER_LDFLAGS = (
					"-ObjC",
					"-lc++",
					"$(inherited)",
				);
				PRODUCT_BUNDLE_IDENTIFIER = "org.reactjs.native.example.$(PRODUCT_NAME:rfc1034identifier)";
				PRODUCT_NAME = "$(TARGET_NAME)";
				TEST_HOST = "$(BUILT_PRODUCTS_DIR)/shoppingList.app/shoppingList";
			};
			name = Debug;
		};
		00E356F71AD99517003FC87E /* Release */ = {
			isa = XCBuildConfiguration;
			buildSettings = {
				BUNDLE_LOADER = "$(TEST_HOST)";
				COPY_PHASE_STRIP = NO;
				INFOPLIST_FILE = shoppingListTests/Info.plist;
				IPHONEOS_DEPLOYMENT_TARGET = 11.0;
				LD_RUNPATH_SEARCH_PATHS = (
					"$(inherited)",
					"@executable_path/Frameworks",
					"@loader_path/Frameworks",
				);
				OTHER_LDFLAGS = (
					"-ObjC",
					"-lc++",
					"$(inherited)",
				);
				PRODUCT_BUNDLE_IDENTIFIER = "org.reactjs.native.example.$(PRODUCT_NAME:rfc1034identifier)";
				PRODUCT_NAME = "$(TARGET_NAME)";
				TEST_HOST = "$(BUILT_PRODUCTS_DIR)/shoppingList.app/shoppingList";
			};
			name = Release;
		};
		13B07F941A680F5B00A75B9A /* Debug */ = {
			isa = XCBuildConfiguration;
			buildSettings = {
				ASSETCATALOG_COMPILER_APPICON_NAME = AppIcon;
				CLANG_ENABLE_MODULES = YES;
				CURRENT_PROJECT_VERSION = 1;
				ENABLE_BITCODE = NO;
				INFOPLIST_FILE = shoppingList/Info.plist;
				LD_RUNPATH_SEARCH_PATHS = (
					"$(inherited)",
					"@executable_path/Frameworks",
				);
				OTHER_LDFLAGS = (
					"$(inherited)",
					"-ObjC",
					"-lc++",
				);
				PRODUCT_BUNDLE_IDENTIFIER = "org.reactjs.native.example.$(PRODUCT_NAME:rfc1034identifier)";
				PRODUCT_NAME = shoppingList;
				SWIFT_OPTIMIZATION_LEVEL = "-Onone";
				SWIFT_VERSION = 5.0;
				VERSIONING_SYSTEM = "apple-generic";
			};
			name = Debug;
		};
		13B07F951A680F5B00A75B9A /* Release */ = {
			isa = XCBuildConfiguration;
			buildSettings = {
				ASSETCATALOG_COMPILER_APPICON_NAME = AppIcon;
				CLANG_ENABLE_MODULES = YES;
				CURRENT_PROJECT_VERSION = 1;
				INFOPLIST_FILE = shoppingList/Info.plist;
				LD_RUNPATH_SEARCH_PATHS = (
					"$(inherited)",
					"@executable_path/Frameworks",
				);
				OTHER_LDFLAGS = (
					"$(inherited)",
					"-ObjC",
					"-lc++",
				);
				PRODUCT_BUNDLE_IDENTIFIER = "org.reactjs.native.example.$(PRODUCT_NAME:rfc1034identifier)";
				PRODUCT_NAME = shoppingList;
				SWIFT_VERSION = 5.0;
				VERSIONING_SYSTEM = "apple-generic";
			};
			name = Release;
		};
		83CBBA201A601CBA00E9B192 /* Debug */ = {
			isa = XCBuildConfiguration;
			buildSettings = {
				ALWAYS_SEARCH_USER_PATHS = NO;
				CLANG_ANALYZER_LOCALIZABILITY_NONLOCALIZED = YES;
				CLANG_CXX_LANGUAGE_STANDARD = "gnu++0x";
				CLANG_CXX_LIBRARY = "libc++";
				CLANG_ENABLE_MODULES = YES;
				CLANG_ENABLE_OBJC_ARC = YES;
				CLANG_WARN_BLOCK_CAPTURE_AUTORELEASING = YES;
				CLANG_WARN_BOOL_CONVERSION = YES;
				CLANG_WARN_COMMA = YES;
				CLANG_WARN_CONSTANT_CONVERSION = YES;
				CLANG_WARN_DEPRECATED_OBJC_IMPLEMENTATIONS = YES;
				CLANG_WARN_DIRECT_OBJC_ISA_USAGE = YES_ERROR;
				CLANG_WARN_EMPTY_BODY = YES;
				CLANG_WARN_ENUM_CONVERSION = YES;
				CLANG_WARN_INFINITE_RECURSION = YES;
				CLANG_WARN_INT_CONVERSION = YES;
				CLANG_WARN_NON_LITERAL_NULL_CONVERSION = YES;
				CLANG_WARN_OBJC_IMPLICIT_RETAIN_SELF = YES;
				CLANG_WARN_OBJC_LITERAL_CONVERSION = YES;
				CLANG_WARN_OBJC_ROOT_CLASS = YES_ERROR;
				CLANG_WARN_QUOTED_INCLUDE_IN_FRAMEWORK_HEADER = YES;
				CLANG_WARN_RANGE_LOOP_ANALYSIS = YES;
				CLANG_WARN_STRICT_PROTOTYPES = YES;
				CLANG_WARN_SUSPICIOUS_MOVE = YES;
				CLANG_WARN_UNREACHABLE_CODE = YES;
				CLANG_WARN__DUPLICATE_METHOD_MATCH = YES;
				"CODE_SIGN_IDENTITY[sdk=iphoneos*]" = "iPhone Developer";
				COPY_PHASE_STRIP = NO;
				ENABLE_STRICT_OBJC_MSGSEND = YES;
				ENABLE_TESTABILITY = YES;
				GCC_C_LANGUAGE_STANDARD = gnu99;
				GCC_DYNAMIC_NO_PIC = NO;
				GCC_NO_COMMON_BLOCKS = YES;
				GCC_OPTIMIZATION_LEVEL = 0;
				GCC_PREPROCESSOR_DEFINITIONS = (
					"DEBUG=1",
					"$(inherited)",
				);
				GCC_SYMBOLS_PRIVATE_EXTERN = NO;
				GCC_WARN_64_TO_32_BIT_CONVERSION = YES;
				GCC_WARN_ABOUT_RETURN_TYPE = YES_ERROR;
				GCC_WARN_UNDECLARED_SELECTOR = YES;
				GCC_WARN_UNINITIALIZED_AUTOS = YES_AGGRESSIVE;
				GCC_WARN_UNUSED_FUNCTION = YES;
				GCC_WARN_UNUSED_VARIABLE = YES;
				IPHONEOS_DEPLOYMENT_TARGET = 11.0;
				LD_RUNPATH_SEARCH_PATHS = (
					/usr/lib/swift,
					"$(inherited)",
				);
				LIBRARY_SEARCH_PATHS = (
					"\"$(SDKROOT)/usr/lib/swift\"",
					"\"$(TOOLCHAIN_DIR)/usr/lib/swift/$(PLATFORM_NAME)\"",
					"\"$(inherited)\"",
				);
				MTL_ENABLE_DEBUG_INFO = YES;
				ONLY_ACTIVE_ARCH = YES;
				SDKROOT = iphoneos;
			};
			name = Debug;
		};
		83CBBA211A601CBA00E9B192 /* Release */ = {
			isa = XCBuildConfiguration;
			buildSettings = {
				ALWAYS_SEARCH_USER_PATHS = NO;
				CLANG_ANALYZER_LOCALIZABILITY_NONLOCALIZED = YES;
				CLANG_CXX_LANGUAGE_STANDARD = "gnu++0x";
				CLANG_CXX_LIBRARY = "libc++";
				CLANG_ENABLE_MODULES = YES;
				CLANG_ENABLE_OBJC_ARC = YES;
				CLANG_WARN_BLOCK_CAPTURE_AUTORELEASING = YES;
				CLANG_WARN_BOOL_CONVERSION = YES;
				CLANG_WARN_COMMA = YES;
				CLANG_WARN_CONSTANT_CONVERSION = YES;
				CLANG_WARN_DEPRECATED_OBJC_IMPLEMENTATIONS = YES;
				CLANG_WARN_DIRECT_OBJC_ISA_USAGE = YES_ERROR;
				CLANG_WARN_EMPTY_BODY = YES;
				CLANG_WARN_ENUM_CONVERSION = YES;
				CLANG_WARN_INFINITE_RECURSION = YES;
				CLANG_WARN_INT_CONVERSION = YES;
				CLANG_WARN_NON_LITERAL_NULL_CONVERSION = YES;
				CLANG_WARN_OBJC_IMPLICIT_RETAIN_SELF = YES;
				CLANG_WARN_OBJC_LITERAL_CONVERSION = YES;
				CLANG_WARN_OBJC_ROOT_CLASS = YES_ERROR;
				CLANG_WARN_QUOTED_INCLUDE_IN_FRAMEWORK_HEADER = YES;
				CLANG_WARN_RANGE_LOOP_ANALYSIS = YES;
				CLANG_WARN_STRICT_PROTOTYPES = YES;
				CLANG_WARN_SUSPICIOUS_MOVE = YES;
				CLANG_WARN_UNREACHABLE_CODE = YES;
				CLANG_WARN__DUPLICATE_METHOD_MATCH = YES;
				"CODE_SIGN_IDENTITY[sdk=iphoneos*]" = "iPhone Developer";
				COPY_PHASE_STRIP = YES;
				ENABLE_NS_ASSERTIONS = NO;
				ENABLE_STRICT_OBJC_MSGSEND = YES;
				GCC_C_LANGUAGE_STANDARD = gnu99;
				GCC_NO_COMMON_BLOCKS = YES;
				GCC_WARN_64_TO_32_BIT_CONVERSION = YES;
				GCC_WARN_ABOUT_RETURN_TYPE = YES_ERROR;
				GCC_WARN_UNDECLARED_SELECTOR = YES;
				GCC_WARN_UNINITIALIZED_AUTOS = YES_AGGRESSIVE;
				GCC_WARN_UNUSED_FUNCTION = YES;
				GCC_WARN_UNUSED_VARIABLE = YES;
				IPHONEOS_DEPLOYMENT_TARGET = 11.0;
				LD_RUNPATH_SEARCH_PATHS = (
					/usr/lib/swift,
					"$(inherited)",
				);
				LIBRARY_SEARCH_PATHS = (
					"\"$(SDKROOT)/usr/lib/swift\"",
					"\"$(TOOLCHAIN_DIR)/usr/lib/swift/$(PLATFORM_NAME)\"",
					"\"$(inherited)\"",
				);
				MTL_ENABLE_DEBUG_INFO = NO;
				SDKROOT = iphoneos;
				VALIDATE_PRODUCT = YES;
			};
			name = Release;
		};
/* End XCBuildConfiguration section */

/* Begin XCConfigurationList section */
		00E357021AD99517003FC87E /* Build configuration list for PBXNativeTarget "shoppingListTests" */ = {
			isa = XCConfigurationList;
			buildConfigurations = (
				00E356F61AD99517003FC87E /* Debug */,
				00E356F71AD99517003FC87E /* Release */,
			);
			defaultConfigurationIsVisible = 0;
			defaultConfigurationName = Release;
		};
		13B07F931A680F5B00A75B9A /* Build configuration list for PBXNativeTarget "shoppingList" */ = {
			isa = XCConfigurationList;
			buildConfigurations = (
				13B07F941A680F5B00A75B9A /* Debug */,
				13B07F951A680F5B00A75B9A /* Release */,
			);
			defaultConfigurationIsVisible = 0;
			defaultConfigurationName = Release;
		};
		83CBB9FA1A601CBA00E9B192 /* Build configuration list for PBXProject "shoppingList" */ = {
			isa = XCConfigurationList;
			buildConfigurations = (
				83CBBA201A601CBA00E9B192 /* Debug */,
				83CBBA211A601CBA00E9B192 /* Release */,
			);
			defaultConfigurationIsVisible = 0;
			defaultConfigurationName = Release;
		};
/* End XCConfigurationList section */
	};
	rootObject = 83CBB9F71A601CBA00E9B192 /* Project object */;
}
